PODS:
  - flutter_secure_storage_macos (3.3.1):
    - FlutterMacOS
  - FlutterMacOS (1.0.0)
  - location (0.0.1):
    - FlutterMacOS
  - mobile_scanner (3.0.0):
    - FlutterMacOS
  - package_info_plus (0.0.1):
    - FlutterMacOS
  - Sentry/HybridSDK (7.31.5)
  - sentry_flutter (0.0.1):
    - Flutter
    - FlutterMacOS
    - Sentry/HybridSDK (= 7.31.5)
  - url_launcher_macos (0.0.1):
    - FlutterMacOS

DEPENDENCIES:
  - flutter_secure_storage_macos (from `Flutter/ephemeral/.symlinks/plugins/flutter_secure_storage_macos/macos`)
  - FlutterMacOS (from `Flutter/ephemeral`)
  - location (from `Flutter/ephemeral/.symlinks/plugins/location/macos`)
  - mobile_scanner (from `Flutter/ephemeral/.symlinks/plugins/mobile_scanner/macos`)
  - package_info_plus (from `Flutter/ephemeral/.symlinks/plugins/package_info_plus/macos`)
  - sentry_flutter (from `Flutter/ephemeral/.symlinks/plugins/sentry_flutter/macos`)
  - url_launcher_macos (from `Flutter/ephemeral/.symlinks/plugins/url_launcher_macos/macos`)

SPEC REPOS:
  trunk:
    - Sentry

EXTERNAL SOURCES:
  flutter_secure_storage_macos:
    :path: Flutter/ephemeral/.symlinks/plugins/flutter_secure_storage_macos/macos
  FlutterMacOS:
    :path: Flutter/ephemeral
  location:
    :path: Flutter/ephemeral/.symlinks/plugins/location/macos
  mobile_scanner:
    :path: Flutter/ephemeral/.symlinks/plugins/mobile_scanner/macos
  package_info_plus:
    :path: Flutter/ephemeral/.symlinks/plugins/package_info_plus/macos
  sentry_flutter:
    :path: Flutter/ephemeral/.symlinks/plugins/sentry_flutter/macos
  url_launcher_macos:
    :path: Flutter/ephemeral/.symlinks/plugins/url_launcher_macos/macos

SPEC CHECKSUMS:
  flutter_secure_storage_macos: 6ceee8fbc7f484553ad17f79361b556259df89aa
  FlutterMacOS: 8f6f14fa908a6fb3fba0cd85dbd81ec4b251fb24
  location: 7cdb0665bd6577d382b0a343acdadbcb7f964775
  mobile_scanner: ed7618fb749adc6574563e053f3b8e5002c13994
  package_info_plus: 02d7a575e80f194102bef286361c6c326e4c29ce
  Sentry: 4c9babff9034785067c896fd580b1f7de44da020
  sentry_flutter: b10ae7a5ddcbc7f04648eeb2672b5747230172f1
  url_launcher_macos: c04e4fa86382d4f94f6b38f14625708be3ae52e2

PODFILE CHECKSUM: 353c8bcc5d5b0994e508d035b5431cfe18c1dea7

COCOAPODS: 1.11.3
